
Microsoft Visual Studio Solution File, Format Version 11.00
# Visual Studio 2010
Project("{FAE04EC0-301F-11D3-BF4B-00C04F79EFBC}") = "droid-runner-3d", "Assembly-CSharp.csproj", "{79D84411-AABE-0405-E087-212CFB2DFE85}"
EndProject
Project("{FAE04EC0-301F-11D3-BF4B-00C04F79EFBC}") = "droid-runner-3d", "Assembly-CSharp-firstpass.csproj", "{7025490D-79A1-4D06-B888-73517A8B58C8}"
EndProject
Project("{FAE04EC0-301F-11D3-BF4B-00C04F79EFBC}") = "droid-runner-3d", "Assembly-CSharp-Editor-firstpass.csproj", "{3F2058A6-95D6-DD0C-35D9-9BEEDCB097EE}"
EndProject
Global
	GlobalSection(SolutionConfigurationPlatforms) = preSolution
		Debug|Any CPU = Debug|Any CPU
		Release|Any CPU = Release|Any CPU
	EndGlobalSection
	GlobalSection(ProjectConfigurationPlatforms) = postSolution
		{79D84411-AABE-0405-E087-212CFB2DFE85}.Debug|Any CPU.ActiveCfg = Debug|Any CPU
		{79D84411-AABE-0405-E087-212CFB2DFE85}.Debug|Any CPU.Build.0 = Debug|Any CPU
		{79D84411-AABE-0405-E087-212CFB2DFE85}.Release|Any CPU.ActiveCfg = Release|Any CPU
		{79D84411-AABE-0405-E087-212CFB2DFE85}.Release|Any CPU.Build.0 = Release|Any CPU
		{7025490D-79A1-4D06-B888-73517A8B58C8}.Debug|Any CPU.ActiveCfg = Debug|Any CPU
		{7025490D-79A1-4D06-B888-73517A8B58C8}.Debug|Any CPU.Build.0 = Debug|Any CPU
		{7025490D-79A1-4D06-B888-73517A8B58C8}.Release|Any CPU.ActiveCfg = Release|Any CPU
		{7025490D-79A1-4D06-B888-73517A8B58C8}.Release|Any CPU.Build.0 = Release|Any CPU
		{3F2058A6-95D6-DD0C-35D9-9BEEDCB097EE}.Debug|Any CPU.ActiveCfg = Debug|Any CPU
		{3F2058A6-95D6-DD0C-35D9-9BEEDCB097EE}.Debug|Any CPU.Build.0 = Debug|Any CPU
		{3F2058A6-95D6-DD0C-35D9-9BEEDCB097EE}.Release|Any CPU.ActiveCfg = Release|Any CPU
		{3F2058A6-95D6-DD0C-35D9-9BEEDCB097EE}.Release|Any CPU.Build.0 = Release|Any CPU
	EndGlobalSection
	GlobalSection(SolutionProperties) = preSolution
		HideSolutionNode = FALSE
	EndGlobalSection
	GlobalSection(MonoDevelopProperties) = preSolution
		StartupItem = Assembly-CSharp.csproj
	EndGlobalSection
EndGlobal
